
Microsoft Visual Studio Solution File, Format Version 12.00
# Visual Studio Version 16
VisualStudioVersion = 16.0.30413.136
MinimumVisualStudioVersion = 10.0.40219.1
Project("{9A19103F-16F7-4668-BE54-9A1E7A4F7556}") = "SimpleCrm", "SimpleCrm\SimpleCrm.csproj", "{3B8899B0-768C-47F4-845A-6DF5AAADB6CC}"
EndProject
Project("{9A19103F-16F7-4668-BE54-9A1E7A4F7556}") = "SimpleCrm.SqlDbServices", "SimpleCrm.SqlDbServices\SimpleCrm.SqlDbServices.csproj", "{FF714169-2FB0-44AD-97D3-B06A05DBF658}"
EndProject
Project("{9A19103F-16F7-4668-BE54-9A1E7A4F7556}") = "SimpleCrm.Web", "SimpleCrm.Web\SimpleCrm.Web.csproj", "{1CCBF26E-E141-4C99-BCEF-3CB51F0AFF57}"
EndProject
Global
	GlobalSection(SolutionConfigurationPlatforms) = preSolution
		Debug|Any CPU = Debug|Any CPU
		Release|Any CPU = Release|Any CPU
	EndGlobalSection
	GlobalSection(ProjectConfigurationPlatforms) = postSolution
		{3B8899B0-768C-47F4-845A-6DF5AAADB6CC}.Debug|Any CPU.ActiveCfg = Debug|Any CPU
		{3B8899B0-768C-47F4-845A-6DF5AAADB6CC}.Debug|Any CPU.Build.0 = Debug|Any CPU
		{3B8899B0-768C-47F4-845A-6DF5AAADB6CC}.Release|Any CPU.ActiveCfg = Release|Any CPU
		{3B8899B0-768C-47F4-845A-6DF5AAADB6CC}.Release|Any CPU.Build.0 = Release|Any CPU
		{FF714169-2FB0-44AD-97D3-B06A05DBF658}.Debug|Any CPU.ActiveCfg = Debug|Any CPU
		{FF714169-2FB0-44AD-97D3-B06A05DBF658}.Debug|Any CPU.Build.0 = Debug|Any CPU
		{FF714169-2FB0-44AD-97D3-B06A05DBF658}.Release|Any CPU.ActiveCfg = Release|Any CPU
		{FF714169-2FB0-44AD-97D3-B06A05DBF658}.Release|Any CPU.Build.0 = Release|Any CPU
		{1CCBF26E-E141-4C99-BCEF-3CB51F0AFF57}.Debug|Any CPU.ActiveCfg = Debug|Any CPU
		{1CCBF26E-E141-4C99-BCEF-3CB51F0AFF57}.Debug|Any CPU.Build.0 = Debug|Any CPU
		{1CCBF26E-E141-4C99-BCEF-3CB51F0AFF57}.Release|Any CPU.ActiveCfg = Release|Any CPU
		{1CCBF26E-E141-4C99-BCEF-3CB51F0AFF57}.Release|Any CPU.Build.0 = Release|Any CPU
	EndGlobalSection
	GlobalSection(SolutionProperties) = preSolution
		HideSolutionNode = FALSE
	EndGlobalSection
	GlobalSection(ExtensibilityGlobals) = postSolution
		SolutionGuid = {30C47BE9-67BE-4F7D-92D4-901888B9C240}
	EndGlobalSection
EndGlobal
