
Microsoft Visual Studio Solution File, Format Version 12.00
# Visual Studio Version 16
VisualStudioVersion = 16.0.31702.278
MinimumVisualStudioVersion = 10.0.40219.1
Project("{FAE04EC0-301F-11D3-BF4B-00C04F79EFBC}") = "SimpleCrm.Web", "SimpleCrm.Web\SimpleCrm.Web.csproj", "{A48F8052-4FBF-4BA7-9FCB-BB13F53C4F99}"
EndProject
Global
	GlobalSection(SolutionConfigurationPlatforms) = preSolution
		Debug|Any CPU = Debug|Any CPU
		Release|Any CPU = Release|Any CPU
	EndGlobalSection
	GlobalSection(ProjectConfigurationPlatforms) = postSolution
		{A48F8052-4FBF-4BA7-9FCB-BB13F53C4F99}.Debug|Any CPU.ActiveCfg = Debug|Any CPU
		{A48F8052-4FBF-4BA7-9FCB-BB13F53C4F99}.Debug|Any CPU.Build.0 = Debug|Any CPU
		{A48F8052-4FBF-4BA7-9FCB-BB13F53C4F99}.Release|Any CPU.ActiveCfg = Release|Any CPU
		{A48F8052-4FBF-4BA7-9FCB-BB13F53C4F99}.Release|Any CPU.Build.0 = Release|Any CPU
	EndGlobalSection
	GlobalSection(SolutionProperties) = preSolution
		HideSolutionNode = FALSE
	EndGlobalSection
	GlobalSection(ExtensibilityGlobals) = postSolution
		SolutionGuid = {BF06480C-2A70-4369-BA70-D7ECF0989D19}
	EndGlobalSection
EndGlobal
